PODS:
  - NavigationBarColor (0.5.0)
  - Nimble (9.2.0)
  - Quick (4.0.0)

DEPENDENCIES:
  - NavigationBarColor (from `../`)
  - Nimble
  - Quick

SPEC REPOS:
  trunk:
    - Nimble
    - Quick

EXTERNAL SOURCES:
  NavigationBarColor:
    :path: "../"

SPEC CHECKSUMS:
  NavigationBarColor: 38cf08881a3d007df2dfc6b705bb831bdcf65ed7
  Nimble: 4f4a345c80b503b3ea13606a4f98405974ee4d0b
  Quick: 6473349e43b9271a8d43839d9ba1c442ed1b7ac4

PODFILE CHECKSUM: f7fb0f3cd490dbc7acacdeae3e265aaf92e7471d

COCOAPODS: 1.10.1
